
Microsoft Visual Studio Solution File, Format Version 12.00
# Visual Studio 14
VisualStudioVersion = 14.0.24720.0
MinimumVisualStudioVersion = 10.0.40219.1
Project("{FAE04EC0-301F-11D3-BF4B-00C04F79EFBC}") = "Tg2_Dev_2", "Tg2_Dev_2\Tg2_Dev_2\Tg2_Dev_2.csproj", "{6C268580-4EB1-49C5-BCD1-57E77760E13A}"
EndProject
Project("{FAE04EC0-301F-11D3-BF4B-00C04F79EFBC}") = "Tg2_Dev_2.Droid", "Tg2_Dev_2\Tg2_Dev_2.Droid\Tg2_Dev_2.Droid.csproj", "{10F6DB2A-CF1F-4443-9A0F-00AC9ACF0711}"
EndProject
Project("{FAE04EC0-301F-11D3-BF4B-00C04F79EFBC}") = "Tg2_Dev_2.iOS", "Tg2_Dev_2\Tg2_Dev_2.iOS\Tg2_Dev_2.iOS.csproj", "{F31AE2D4-F8C0-44B9-83C1-EC20A681E5C1}"
EndProject
Project("{FAE04EC0-301F-11D3-BF4B-00C04F79EFBC}") = "Tg2_Dev_2.UWP", "Tg2_Dev_2\Tg2_Dev_2.UWP\Tg2_Dev_2.UWP.csproj", "{9769FAC9-7F9E-4345-BCE0-651576827E25}"
EndProject
Global
	GlobalSection(SolutionConfigurationPlatforms) = preSolution
		Ad-Hoc|Any CPU = Ad-Hoc|Any CPU
		Ad-Hoc|ARM = Ad-Hoc|ARM
		Ad-Hoc|iPhone = Ad-Hoc|iPhone
		Ad-Hoc|iPhoneSimulator = Ad-Hoc|iPhoneSimulator
		Ad-Hoc|x64 = Ad-Hoc|x64
		Ad-Hoc|x86 = Ad-Hoc|x86
		AppStore|Any CPU = AppStore|Any CPU
		AppStore|ARM = AppStore|ARM
		AppStore|iPhone = AppStore|iPhone
		AppStore|iPhoneSimulator = AppStore|iPhoneSimulator
		AppStore|x64 = AppStore|x64
		AppStore|x86 = AppStore|x86
		Debug|Any CPU = Debug|Any CPU
		Debug|ARM = Debug|ARM
		Debug|iPhone = Debug|iPhone
		Debug|iPhoneSimulator = Debug|iPhoneSimulator
		Debug|x64 = Debug|x64
		Debug|x86 = Debug|x86
		Release|Any CPU = Release|Any CPU
		Release|ARM = Release|ARM
		Release|iPhone = Release|iPhone
		Release|iPhoneSimulator = Release|iPhoneSimulator
		Release|x64 = Release|x64
		Release|x86 = Release|x86
	EndGlobalSection
	GlobalSection(ProjectConfigurationPlatforms) = postSolution
		{6C268580-4EB1-49C5-BCD1-57E77760E13A}.Ad-Hoc|Any CPU.ActiveCfg = Release|Any CPU
		{6C268580-4EB1-49C5-BCD1-57E77760E13A}.Ad-Hoc|Any CPU.Build.0 = Release|Any CPU
		{6C268580-4EB1-49C5-BCD1-57E77760E13A}.Ad-Hoc|ARM.ActiveCfg = Release|Any CPU
		{6C268580-4EB1-49C5-BCD1-57E77760E13A}.Ad-Hoc|ARM.Build.0 = Release|Any CPU
		{6C268580-4EB1-49C5-BCD1-57E77760E13A}.Ad-Hoc|iPhone.ActiveCfg = Release|Any CPU
		{6C268580-4EB1-49C5-BCD1-57E77760E13A}.Ad-Hoc|iPhone.Build.0 = Release|Any CPU
		{6C268580-4EB1-49C5-BCD1-57E77760E13A}.Ad-Hoc|iPhoneSimulator.ActiveCfg = Release|Any CPU
		{6C268580-4EB1-49C5-BCD1-57E77760E13A}.Ad-Hoc|iPhoneSimulator.Build.0 = Release|Any CPU
		{6C268580-4EB1-49C5-BCD1-57E77760E13A}.Ad-Hoc|x64.ActiveCfg = Release|Any CPU
		{6C268580-4EB1-49C5-BCD1-57E77760E13A}.Ad-Hoc|x64.Build.0 = Release|Any CPU
		{6C268580-4EB1-49C5-BCD1-57E77760E13A}.Ad-Hoc|x86.ActiveCfg = Release|Any CPU
		{6C268580-4EB1-49C5-BCD1-57E77760E13A}.Ad-Hoc|x86.Build.0 = Release|Any CPU
		{6C268580-4EB1-49C5-BCD1-57E77760E13A}.AppStore|Any CPU.ActiveCfg = Release|Any CPU
		{6C268580-4EB1-49C5-BCD1-57E77760E13A}.AppStore|Any CPU.Build.0 = Release|Any CPU
		{6C268580-4EB1-49C5-BCD1-57E77760E13A}.AppStore|ARM.ActiveCfg = Release|Any CPU
		{6C268580-4EB1-49C5-BCD1-57E77760E13A}.AppStore|ARM.Build.0 = Release|Any CPU
		{6C268580-4EB1-49C5-BCD1-57E77760E13A}.AppStore|iPhone.ActiveCfg = Release|Any CPU
		{6C268580-4EB1-49C5-BCD1-57E77760E13A}.AppStore|iPhone.Build.0 = Release|Any CPU
		{6C268580-4EB1-49C5-BCD1-57E77760E13A}.AppStore|iPhoneSimulator.ActiveCfg = Release|Any CPU
		{6C268580-4EB1-49C5-BCD1-57E77760E13A}.AppStore|iPhoneSimulator.Build.0 = Release|Any CPU
		{6C268580-4EB1-49C5-BCD1-57E77760E13A}.AppStore|x64.ActiveCfg = Release|Any CPU
		{6C268580-4EB1-49C5-BCD1-57E77760E13A}.AppStore|x64.Build.0 = Release|Any CPU
		{6C268580-4EB1-49C5-BCD1-57E77760E13A}.AppStore|x86.ActiveCfg = Release|Any CPU
		{6C268580-4EB1-49C5-BCD1-57E77760E13A}.AppStore|x86.Build.0 = Release|Any CPU
		{6C268580-4EB1-49C5-BCD1-57E77760E13A}.Debug|Any CPU.ActiveCfg = Debug|Any CPU
		{6C268580-4EB1-49C5-BCD1-57E77760E13A}.Debug|Any CPU.Build.0 = Debug|Any CPU
		{6C268580-4EB1-49C5-BCD1-57E77760E13A}.Debug|ARM.ActiveCfg = Debug|Any CPU
		{6C268580-4EB1-49C5-BCD1-57E77760E13A}.Debug|ARM.Build.0 = Debug|Any CPU
		{6C268580-4EB1-49C5-BCD1-57E77760E13A}.Debug|iPhone.ActiveCfg = Debug|Any CPU
		{6C268580-4EB1-49C5-BCD1-57E77760E13A}.Debug|iPhone.Build.0 = Debug|Any CPU
		{6C268580-4EB1-49C5-BCD1-57E77760E13A}.Debug|iPhoneSimulator.ActiveCfg = Debug|Any CPU
		{6C268580-4EB1-49C5-BCD1-57E77760E13A}.Debug|iPhoneSimulator.Build.0 = Debug|Any CPU
		{6C268580-4EB1-49C5-BCD1-57E77760E13A}.Debug|x64.ActiveCfg = Debug|Any CPU
		{6C268580-4EB1-49C5-BCD1-57E77760E13A}.Debug|x64.Build.0 = Debug|Any CPU
		{6C268580-4EB1-49C5-BCD1-57E77760E13A}.Debug|x86.ActiveCfg = Debug|Any CPU
		{6C268580-4EB1-49C5-BCD1-57E77760E13A}.Debug|x86.Build.0 = Debug|Any CPU
		{6C268580-4EB1-49C5-BCD1-57E77760E13A}.Release|Any CPU.ActiveCfg = Release|Any CPU
		{6C268580-4EB1-49C5-BCD1-57E77760E13A}.Release|Any CPU.Build.0 = Release|Any CPU
		{6C268580-4EB1-49C5-BCD1-57E77760E13A}.Release|ARM.ActiveCfg = Release|Any CPU
		{6C268580-4EB1-49C5-BCD1-57E77760E13A}.Release|ARM.Build.0 = Release|Any CPU
		{6C268580-4EB1-49C5-BCD1-57E77760E13A}.Release|iPhone.ActiveCfg = Release|Any CPU
		{6C268580-4EB1-49C5-BCD1-57E77760E13A}.Release|iPhone.Build.0 = Release|Any CPU
		{6C268580-4EB1-49C5-BCD1-57E77760E13A}.Release|iPhoneSimulator.ActiveCfg = Release|Any CPU
		{6C268580-4EB1-49C5-BCD1-57E77760E13A}.Release|iPhoneSimulator.Build.0 = Release|Any CPU
		{6C268580-4EB1-49C5-BCD1-57E77760E13A}.Release|x64.ActiveCfg = Release|Any CPU
		{6C268580-4EB1-49C5-BCD1-57E77760E13A}.Release|x64.Build.0 = Release|Any CPU
		{6C268580-4EB1-49C5-BCD1-57E77760E13A}.Release|x86.ActiveCfg = Release|Any CPU
		{6C268580-4EB1-49C5-BCD1-57E77760E13A}.Release|x86.Build.0 = Release|Any CPU
		{10F6DB2A-CF1F-4443-9A0F-00AC9ACF0711}.Ad-Hoc|Any CPU.ActiveCfg = Release|Any CPU
		{10F6DB2A-CF1F-4443-9A0F-00AC9ACF0711}.Ad-Hoc|Any CPU.Build.0 = Release|Any CPU
		{10F6DB2A-CF1F-4443-9A0F-00AC9ACF0711}.Ad-Hoc|Any CPU.Deploy.0 = Release|Any CPU
		{10F6DB2A-CF1F-4443-9A0F-00AC9ACF0711}.Ad-Hoc|ARM.ActiveCfg = Release|Any CPU
		{10F6DB2A-CF1F-4443-9A0F-00AC9ACF0711}.Ad-Hoc|ARM.Build.0 = Release|Any CPU
		{10F6DB2A-CF1F-4443-9A0F-00AC9ACF0711}.Ad-Hoc|ARM.Deploy.0 = Release|Any CPU
		{10F6DB2A-CF1F-4443-9A0F-00AC9ACF0711}.Ad-Hoc|iPhone.ActiveCfg = Release|Any CPU
		{10F6DB2A-CF1F-4443-9A0F-00AC9ACF0711}.Ad-Hoc|iPhone.Build.0 = Release|Any CPU
		{10F6DB2A-CF1F-4443-9A0F-00AC9ACF0711}.Ad-Hoc|iPhone.Deploy.0 = Release|Any CPU
		{10F6DB2A-CF1F-4443-9A0F-00AC9ACF0711}.Ad-Hoc|iPhoneSimulator.ActiveCfg = Release|Any CPU
		{10F6DB2A-CF1F-4443-9A0F-00AC9ACF0711}.Ad-Hoc|iPhoneSimulator.Build.0 = Release|Any CPU
		{10F6DB2A-CF1F-4443-9A0F-00AC9ACF0711}.Ad-Hoc|iPhoneSimulator.Deploy.0 = Release|Any CPU
		{10F6DB2A-CF1F-4443-9A0F-00AC9ACF0711}.Ad-Hoc|x64.ActiveCfg = Release|Any CPU
		{10F6DB2A-CF1F-4443-9A0F-00AC9ACF0711}.Ad-Hoc|x64.Build.0 = Release|Any CPU
		{10F6DB2A-CF1F-4443-9A0F-00AC9ACF0711}.Ad-Hoc|x64.Deploy.0 = Release|Any CPU
		{10F6DB2A-CF1F-4443-9A0F-00AC9ACF0711}.Ad-Hoc|x86.ActiveCfg = Release|Any CPU
		{10F6DB2A-CF1F-4443-9A0F-00AC9ACF0711}.Ad-Hoc|x86.Build.0 = Release|Any CPU
		{10F6DB2A-CF1F-4443-9A0F-00AC9ACF0711}.Ad-Hoc|x86.Deploy.0 = Release|Any CPU
		{10F6DB2A-CF1F-4443-9A0F-00AC9ACF0711}.AppStore|Any CPU.ActiveCfg = Release|Any CPU
		{10F6DB2A-CF1F-4443-9A0F-00AC9ACF0711}.AppStore|Any CPU.Build.0 = Release|Any CPU
		{10F6DB2A-CF1F-4443-9A0F-00AC9ACF0711}.AppStore|Any CPU.Deploy.0 = Release|Any CPU
		{10F6DB2A-CF1F-4443-9A0F-00AC9ACF0711}.AppStore|ARM.ActiveCfg = Release|Any CPU
		{10F6DB2A-CF1F-4443-9A0F-00AC9ACF0711}.AppStore|ARM.Build.0 = Release|Any CPU
		{10F6DB2A-CF1F-4443-9A0F-00AC9ACF0711}.AppStore|ARM.Deploy.0 = Release|Any CPU
		{10F6DB2A-CF1F-4443-9A0F-00AC9ACF0711}.AppStore|iPhone.ActiveCfg = Release|Any CPU
		{10F6DB2A-CF1F-4443-9A0F-00AC9ACF0711}.AppStore|iPhone.Build.0 = Release|Any CPU
		{10F6DB2A-CF1F-4443-9A0F-00AC9ACF0711}.AppStore|iPhone.Deploy.0 = Release|Any CPU
		{10F6DB2A-CF1F-4443-9A0F-00AC9ACF0711}.AppStore|iPhoneSimulator.ActiveCfg = Release|Any CPU
		{10F6DB2A-CF1F-4443-9A0F-00AC9ACF0711}.AppStore|iPhoneSimulator.Build.0 = Release|Any CPU
		{10F6DB2A-CF1F-4443-9A0F-00AC9ACF0711}.AppStore|iPhoneSimulator.Deploy.0 = Release|Any CPU
		{10F6DB2A-CF1F-4443-9A0F-00AC9ACF0711}.AppStore|x64.ActiveCfg = Release|Any CPU
		{10F6DB2A-CF1F-4443-9A0F-00AC9ACF0711}.AppStore|x64.Build.0 = Release|Any CPU
		{10F6DB2A-CF1F-4443-9A0F-00AC9ACF0711}.AppStore|x64.Deploy.0 = Release|Any CPU
		{10F6DB2A-CF1F-4443-9A0F-00AC9ACF0711}.AppStore|x86.ActiveCfg = Release|Any CPU
		{10F6DB2A-CF1F-4443-9A0F-00AC9ACF0711}.AppStore|x86.Build.0 = Release|Any CPU
		{10F6DB2A-CF1F-4443-9A0F-00AC9ACF0711}.AppStore|x86.Deploy.0 = Release|Any CPU
		{10F6DB2A-CF1F-4443-9A0F-00AC9ACF0711}.Debug|Any CPU.ActiveCfg = Debug|Any CPU
		{10F6DB2A-CF1F-4443-9A0F-00AC9ACF0711}.Debug|Any CPU.Build.0 = Debug|Any CPU
		{10F6DB2A-CF1F-4443-9A0F-00AC9ACF0711}.Debug|Any CPU.Deploy.0 = Debug|Any CPU
		{10F6DB2A-CF1F-4443-9A0F-00AC9ACF0711}.Debug|ARM.ActiveCfg = Debug|Any CPU
		{10F6DB2A-CF1F-4443-9A0F-00AC9ACF0711}.Debug|ARM.Build.0 = Debug|Any CPU
		{10F6DB2A-CF1F-4443-9A0F-00AC9ACF0711}.Debug|ARM.Deploy.0 = Debug|Any CPU
		{10F6DB2A-CF1F-4443-9A0F-00AC9ACF0711}.Debug|iPhone.ActiveCfg = Debug|Any CPU
		{10F6DB2A-CF1F-4443-9A0F-00AC9ACF0711}.Debug|iPhone.Build.0 = Debug|Any CPU
		{10F6DB2A-CF1F-4443-9A0F-00AC9ACF0711}.Debug|iPhone.Deploy.0 = Debug|Any CPU
		{10F6DB2A-CF1F-4443-9A0F-00AC9ACF0711}.Debug|iPhoneSimulator.ActiveCfg = Debug|Any CPU
		{10F6DB2A-CF1F-4443-9A0F-00AC9ACF0711}.Debug|iPhoneSimulator.Build.0 = Debug|Any CPU
		{10F6DB2A-CF1F-4443-9A0F-00AC9ACF0711}.Debug|iPhoneSimulator.Deploy.0 = Debug|Any CPU
		{10F6DB2A-CF1F-4443-9A0F-00AC9ACF0711}.Debug|x64.ActiveCfg = Debug|Any CPU
		{10F6DB2A-CF1F-4443-9A0F-00AC9ACF0711}.Debug|x64.Build.0 = Debug|Any CPU
		{10F6DB2A-CF1F-4443-9A0F-00AC9ACF0711}.Debug|x64.Deploy.0 = Debug|Any CPU
		{10F6DB2A-CF1F-4443-9A0F-00AC9ACF0711}.Debug|x86.ActiveCfg = Debug|Any CPU
		{10F6DB2A-CF1F-4443-9A0F-00AC9ACF0711}.Debug|x86.Build.0 = Debug|Any CPU
		{10F6DB2A-CF1F-4443-9A0F-00AC9ACF0711}.Debug|x86.Deploy.0 = Debug|Any CPU
		{10F6DB2A-CF1F-4443-9A0F-00AC9ACF0711}.Release|Any CPU.ActiveCfg = Release|Any CPU
		{10F6DB2A-CF1F-4443-9A0F-00AC9ACF0711}.Release|Any CPU.Build.0 = Release|Any CPU
		{10F6DB2A-CF1F-4443-9A0F-00AC9ACF0711}.Release|Any CPU.Deploy.0 = Release|Any CPU
		{10F6DB2A-CF1F-4443-9A0F-00AC9ACF0711}.Release|ARM.ActiveCfg = Release|Any CPU
		{10F6DB2A-CF1F-4443-9A0F-00AC9ACF0711}.Release|ARM.Build.0 = Release|Any CPU
		{10F6DB2A-CF1F-4443-9A0F-00AC9ACF0711}.Release|ARM.Deploy.0 = Release|Any CPU
		{10F6DB2A-CF1F-4443-9A0F-00AC9ACF0711}.Release|iPhone.ActiveCfg = Release|Any CPU
		{10F6DB2A-CF1F-4443-9A0F-00AC9ACF0711}.Release|iPhone.Build.0 = Release|Any CPU
		{10F6DB2A-CF1F-4443-9A0F-00AC9ACF0711}.Release|iPhone.Deploy.0 = Release|Any CPU
		{10F6DB2A-CF1F-4443-9A0F-00AC9ACF0711}.Release|iPhoneSimulator.ActiveCfg = Release|Any CPU
		{10F6DB2A-CF1F-4443-9A0F-00AC9ACF0711}.Release|iPhoneSimulator.Build.0 = Release|Any CPU
		{10F6DB2A-CF1F-4443-9A0F-00AC9ACF0711}.Release|iPhoneSimulator.Deploy.0 = Release|Any CPU
		{10F6DB2A-CF1F-4443-9A0F-00AC9ACF0711}.Release|x64.ActiveCfg = Release|Any CPU
		{10F6DB2A-CF1F-4443-9A0F-00AC9ACF0711}.Release|x64.Build.0 = Release|Any CPU
		{10F6DB2A-CF1F-4443-9A0F-00AC9ACF0711}.Release|x64.Deploy.0 = Release|Any CPU
		{10F6DB2A-CF1F-4443-9A0F-00AC9ACF0711}.Release|x86.ActiveCfg = Release|Any CPU
		{10F6DB2A-CF1F-4443-9A0F-00AC9ACF0711}.Release|x86.Build.0 = Release|Any CPU
		{10F6DB2A-CF1F-4443-9A0F-00AC9ACF0711}.Release|x86.Deploy.0 = Release|Any CPU
		{F31AE2D4-F8C0-44B9-83C1-EC20A681E5C1}.Ad-Hoc|Any CPU.ActiveCfg = Ad-Hoc|iPhone
		{F31AE2D4-F8C0-44B9-83C1-EC20A681E5C1}.Ad-Hoc|ARM.ActiveCfg = Ad-Hoc|iPhone
		{F31AE2D4-F8C0-44B9-83C1-EC20A681E5C1}.Ad-Hoc|iPhone.ActiveCfg = Ad-Hoc|iPhone
		{F31AE2D4-F8C0-44B9-83C1-EC20A681E5C1}.Ad-Hoc|iPhone.Build.0 = Ad-Hoc|iPhone
		{F31AE2D4-F8C0-44B9-83C1-EC20A681E5C1}.Ad-Hoc|iPhoneSimulator.ActiveCfg = Ad-Hoc|iPhoneSimulator
		{F31AE2D4-F8C0-44B9-83C1-EC20A681E5C1}.Ad-Hoc|iPhoneSimulator.Build.0 = Ad-Hoc|iPhoneSimulator
		{F31AE2D4-F8C0-44B9-83C1-EC20A681E5C1}.Ad-Hoc|x64.ActiveCfg = Ad-Hoc|iPhone
		{F31AE2D4-F8C0-44B9-83C1-EC20A681E5C1}.Ad-Hoc|x86.ActiveCfg = Ad-Hoc|iPhone
		{F31AE2D4-F8C0-44B9-83C1-EC20A681E5C1}.AppStore|Any CPU.ActiveCfg = AppStore|iPhone
		{F31AE2D4-F8C0-44B9-83C1-EC20A681E5C1}.AppStore|ARM.ActiveCfg = AppStore|iPhone
		{F31AE2D4-F8C0-44B9-83C1-EC20A681E5C1}.AppStore|iPhone.ActiveCfg = AppStore|iPhone
		{F31AE2D4-F8C0-44B9-83C1-EC20A681E5C1}.AppStore|iPhone.Build.0 = AppStore|iPhone
		{F31AE2D4-F8C0-44B9-83C1-EC20A681E5C1}.AppStore|iPhoneSimulator.ActiveCfg = AppStore|iPhoneSimulator
		{F31AE2D4-F8C0-44B9-83C1-EC20A681E5C1}.AppStore|iPhoneSimulator.Build.0 = AppStore|iPhoneSimulator
		{F31AE2D4-F8C0-44B9-83C1-EC20A681E5C1}.AppStore|x64.ActiveCfg = AppStore|iPhone
		{F31AE2D4-F8C0-44B9-83C1-EC20A681E5C1}.AppStore|x86.ActiveCfg = AppStore|iPhone
		{F31AE2D4-F8C0-44B9-83C1-EC20A681E5C1}.Debug|Any CPU.ActiveCfg = Debug|iPhone
		{F31AE2D4-F8C0-44B9-83C1-EC20A681E5C1}.Debug|ARM.ActiveCfg = Debug|iPhone
		{F31AE2D4-F8C0-44B9-83C1-EC20A681E5C1}.Debug|iPhone.ActiveCfg = Debug|iPhone
		{F31AE2D4-F8C0-44B9-83C1-EC20A681E5C1}.Debug|iPhone.Build.0 = Debug|iPhone
		{F31AE2D4-F8C0-44B9-83C1-EC20A681E5C1}.Debug|iPhoneSimulator.ActiveCfg = Debug|iPhoneSimulator
		{F31AE2D4-F8C0-44B9-83C1-EC20A681E5C1}.Debug|iPhoneSimulator.Build.0 = Debug|iPhoneSimulator
		{F31AE2D4-F8C0-44B9-83C1-EC20A681E5C1}.Debug|x64.ActiveCfg = Debug|iPhone
		{F31AE2D4-F8C0-44B9-83C1-EC20A681E5C1}.Debug|x86.ActiveCfg = Debug|iPhone
		{F31AE2D4-F8C0-44B9-83C1-EC20A681E5C1}.Release|Any CPU.ActiveCfg = Release|iPhone
		{F31AE2D4-F8C0-44B9-83C1-EC20A681E5C1}.Release|ARM.ActiveCfg = Release|iPhone
		{F31AE2D4-F8C0-44B9-83C1-EC20A681E5C1}.Release|iPhone.ActiveCfg = Release|iPhone
		{F31AE2D4-F8C0-44B9-83C1-EC20A681E5C1}.Release|iPhone.Build.0 = Release|iPhone
		{F31AE2D4-F8C0-44B9-83C1-EC20A681E5C1}.Release|iPhoneSimulator.ActiveCfg = Release|iPhoneSimulator
		{F31AE2D4-F8C0-44B9-83C1-EC20A681E5C1}.Release|iPhoneSimulator.Build.0 = Release|iPhoneSimulator
		{F31AE2D4-F8C0-44B9-83C1-EC20A681E5C1}.Release|x64.ActiveCfg = Release|iPhone
		{F31AE2D4-F8C0-44B9-83C1-EC20A681E5C1}.Release|x86.ActiveCfg = Release|iPhone
		{9769FAC9-7F9E-4345-BCE0-651576827E25}.Ad-Hoc|Any CPU.ActiveCfg = Release|x86
		{9769FAC9-7F9E-4345-BCE0-651576827E25}.Ad-Hoc|Any CPU.Build.0 = Release|x86
		{9769FAC9-7F9E-4345-BCE0-651576827E25}.Ad-Hoc|Any CPU.Deploy.0 = Release|x86
		{9769FAC9-7F9E-4345-BCE0-651576827E25}.Ad-Hoc|ARM.ActiveCfg = Release|ARM
		{9769FAC9-7F9E-4345-BCE0-651576827E25}.Ad-Hoc|ARM.Build.0 = Release|ARM
		{9769FAC9-7F9E-4345-BCE0-651576827E25}.Ad-Hoc|ARM.Deploy.0 = Release|ARM
		{9769FAC9-7F9E-4345-BCE0-651576827E25}.Ad-Hoc|iPhone.ActiveCfg = Release|x86
		{9769FAC9-7F9E-4345-BCE0-651576827E25}.Ad-Hoc|iPhone.Build.0 = Release|x86
		{9769FAC9-7F9E-4345-BCE0-651576827E25}.Ad-Hoc|iPhone.Deploy.0 = Release|x86
		{9769FAC9-7F9E-4345-BCE0-651576827E25}.Ad-Hoc|iPhoneSimulator.ActiveCfg = Release|x86
		{9769FAC9-7F9E-4345-BCE0-651576827E25}.Ad-Hoc|iPhoneSimulator.Build.0 = Release|x86
		{9769FAC9-7F9E-4345-BCE0-651576827E25}.Ad-Hoc|iPhoneSimulator.Deploy.0 = Release|x86
		{9769FAC9-7F9E-4345-BCE0-651576827E25}.Ad-Hoc|x64.ActiveCfg = Release|x64
		{9769FAC9-7F9E-4345-BCE0-651576827E25}.Ad-Hoc|x64.Build.0 = Release|x64
		{9769FAC9-7F9E-4345-BCE0-651576827E25}.Ad-Hoc|x64.Deploy.0 = Release|x64
		{9769FAC9-7F9E-4345-BCE0-651576827E25}.Ad-Hoc|x86.ActiveCfg = Release|x86
		{9769FAC9-7F9E-4345-BCE0-651576827E25}.Ad-Hoc|x86.Build.0 = Release|x86
		{9769FAC9-7F9E-4345-BCE0-651576827E25}.Ad-Hoc|x86.Deploy.0 = Release|x86
		{9769FAC9-7F9E-4345-BCE0-651576827E25}.AppStore|Any CPU.ActiveCfg = Release|x86
		{9769FAC9-7F9E-4345-BCE0-651576827E25}.AppStore|Any CPU.Build.0 = Release|x86
		{9769FAC9-7F9E-4345-BCE0-651576827E25}.AppStore|Any CPU.Deploy.0 = Release|x86
		{9769FAC9-7F9E-4345-BCE0-651576827E25}.AppStore|ARM.ActiveCfg = Release|ARM
		{9769FAC9-7F9E-4345-BCE0-651576827E25}.AppStore|ARM.Build.0 = Release|ARM
		{9769FAC9-7F9E-4345-BCE0-651576827E25}.AppStore|ARM.Deploy.0 = Release|ARM
		{9769FAC9-7F9E-4345-BCE0-651576827E25}.AppStore|iPhone.ActiveCfg = Release|x86
		{9769FAC9-7F9E-4345-BCE0-651576827E25}.AppStore|iPhone.Build.0 = Release|x86
		{9769FAC9-7F9E-4345-BCE0-651576827E25}.AppStore|iPhone.Deploy.0 = Release|x86
		{9769FAC9-7F9E-4345-BCE0-651576827E25}.AppStore|iPhoneSimulator.ActiveCfg = Release|x86
		{9769FAC9-7F9E-4345-BCE0-651576827E25}.AppStore|iPhoneSimulator.Build.0 = Release|x86
		{9769FAC9-7F9E-4345-BCE0-651576827E25}.AppStore|iPhoneSimulator.Deploy.0 = Release|x86
		{9769FAC9-7F9E-4345-BCE0-651576827E25}.AppStore|x64.ActiveCfg = Release|x64
		{9769FAC9-7F9E-4345-BCE0-651576827E25}.AppStore|x64.Build.0 = Release|x64
		{9769FAC9-7F9E-4345-BCE0-651576827E25}.AppStore|x64.Deploy.0 = Release|x64
		{9769FAC9-7F9E-4345-BCE0-651576827E25}.AppStore|x86.ActiveCfg = Release|x86
		{9769FAC9-7F9E-4345-BCE0-651576827E25}.AppStore|x86.Build.0 = Release|x86
		{9769FAC9-7F9E-4345-BCE0-651576827E25}.AppStore|x86.Deploy.0 = Release|x86
		{9769FAC9-7F9E-4345-BCE0-651576827E25}.Debug|Any CPU.ActiveCfg = Debug|x86
		{9769FAC9-7F9E-4345-BCE0-651576827E25}.Debug|ARM.ActiveCfg = Debug|ARM
		{9769FAC9-7F9E-4345-BCE0-651576827E25}.Debug|ARM.Build.0 = Debug|ARM
		{9769FAC9-7F9E-4345-BCE0-651576827E25}.Debug|ARM.Deploy.0 = Debug|ARM
		{9769FAC9-7F9E-4345-BCE0-651576827E25}.Debug|iPhone.ActiveCfg = Debug|x86
		{9769FAC9-7F9E-4345-BCE0-651576827E25}.Debug|iPhoneSimulator.ActiveCfg = Debug|x86
		{9769FAC9-7F9E-4345-BCE0-651576827E25}.Debug|x64.ActiveCfg = Debug|x64
		{9769FAC9-7F9E-4345-BCE0-651576827E25}.Debug|x64.Build.0 = Debug|x64
		{9769FAC9-7F9E-4345-BCE0-651576827E25}.Debug|x64.Deploy.0 = Debug|x64
		{9769FAC9-7F9E-4345-BCE0-651576827E25}.Debug|x86.ActiveCfg = Debug|x86
		{9769FAC9-7F9E-4345-BCE0-651576827E25}.Debug|x86.Build.0 = Debug|x86
		{9769FAC9-7F9E-4345-BCE0-651576827E25}.Debug|x86.Deploy.0 = Debug|x86
		{9769FAC9-7F9E-4345-BCE0-651576827E25}.Release|Any CPU.ActiveCfg = Release|x86
		{9769FAC9-7F9E-4345-BCE0-651576827E25}.Release|ARM.ActiveCfg = Release|ARM
		{9769FAC9-7F9E-4345-BCE0-651576827E25}.Release|ARM.Build.0 = Release|ARM
		{9769FAC9-7F9E-4345-BCE0-651576827E25}.Release|ARM.Deploy.0 = Release|ARM
		{9769FAC9-7F9E-4345-BCE0-651576827E25}.Release|iPhone.ActiveCfg = Release|x86
		{9769FAC9-7F9E-4345-BCE0-651576827E25}.Release|iPhoneSimulator.ActiveCfg = Release|x86
		{9769FAC9-7F9E-4345-BCE0-651576827E25}.Release|x64.ActiveCfg = Release|x64
		{9769FAC9-7F9E-4345-BCE0-651576827E25}.Release|x64.Build.0 = Release|x64
		{9769FAC9-7F9E-4345-BCE0-651576827E25}.Release|x64.Deploy.0 = Release|x64
		{9769FAC9-7F9E-4345-BCE0-651576827E25}.Release|x86.ActiveCfg = Release|x86
		{9769FAC9-7F9E-4345-BCE0-651576827E25}.Release|x86.Build.0 = Release|x86
		{9769FAC9-7F9E-4345-BCE0-651576827E25}.Release|x86.Deploy.0 = Release|x86
	EndGlobalSection
	GlobalSection(SolutionProperties) = preSolution
		HideSolutionNode = FALSE
	EndGlobalSection
EndGlobal
